// !$*UTF8*$!
{
	archiveVersion = 1;
	classes = {
	};
	objectVersion = 56;
	objects = {

/* Begin PBXBuildFile section */
		BE04119B2BCDCC02008157A7 /* testdriverGameState.cpp in Sources */ = {isa = PBXBuildFile; fileRef = BE4451A12BCA092D004CC089 /* testdriverGameState.cpp */; };
		BE9F22582BC9F9C30059B307 /* GameState.cpp in Sources */ = {isa = PBXBuildFile; fileRef = BE9F22542BC9F9C30059B307 /* GameState.cpp */; };
		BE9F22592BC9F9C30059B307 /* main.cpp in Sources */ = {isa = PBXBuildFile; fileRef = BE9F22552BC9F9C30059B307 /* main.cpp */; };
		BE9F225A2BC9F9C30059B307 /* MoveStack.cpp in Sources */ = {isa = PBXBuildFile; fileRef = BE9F22562BC9F9C30059B307 /* MoveStack.cpp */; };
		BE9F225B2BC9FC490059B307 /* GameState.h in Sources */ = {isa = PBXBuildFile; fileRef = BE9F22512BC9F9C30059B307 /* GameState.h */; };
		BE9F225C2BC9FC490059B307 /* MoveStack.h in Sources */ = {isa = PBXBuildFile; fileRef = BE9F22522BC9F9C30059B307 /* MoveStack.h */; };
/* End PBXBuildFile section */

/* Begin PBXCopyFilesBuildPhase section */
		BE9F22452BC9F92B0059B307 /* CopyFiles */ = {
			isa = PBXCopyFilesBuildPhase;
			buildActionMask = 2147483647;
			dstPath = /usr/share/man/man1/;
			dstSubfolderSpec = 0;
			files = (
			);
			runOnlyForDeploymentPostprocessing = 1;
		};
/* End PBXCopyFilesBuildPhase section */

/* Begin PBXFileReference section */
		BE0411942BCDCBFD008157A7 /* Test GameState.xctest */ = {isa = PBXFileReference; explicitFileType = wrapper.cfbundle; includeInIndex = 0; path = "Test GameState.xctest"; sourceTree = BUILT_PRODUCTS_DIR; };
		BE4451A12BCA092D004CC089 /* testdriverGameState.cpp */ = {isa = PBXFileReference; fileEncoding = 4; lastKnownFileType = sourcecode.cpp.cpp; name = testdriverGameState.cpp; path = "Test GameState/testdriverGameState.cpp"; sourceTree = SOURCE_ROOT; };
		BE9F22472BC9F92B0059B307 /* 17.10PA#6 Tic Tac Toe */ = {isa = PBXFileReference; explicitFileType = "compiled.mach-o.executable"; includeInIndex = 0; path = "17.10PA#6 Tic Tac Toe"; sourceTree = BUILT_PRODUCTS_DIR; };
		BE9F22512BC9F9C30059B307 /* GameState.h */ = {isa = PBXFileReference; explicitFileType = sourcecode.cpp.h; fileEncoding = 4; name = GameState.h; path = "/Users/kendevon/xcode cpp/CS 2308/PAs/17.10 PA#6 Tic Tac Toe/17.10 PA#6 Tic Tac Toe/GameState.h"; sourceTree = "<absolute>"; };
		BE9F22522BC9F9C30059B307 /* MoveStack.h */ = {isa = PBXFileReference; explicitFileType = sourcecode.cpp.h; fileEncoding = 4; name = MoveStack.h; path = "/Users/kendevon/xcode cpp/CS 2308/PAs/17.10 PA#6 Tic Tac Toe/17.10 PA#6 Tic Tac Toe/MoveStack.h"; sourceTree = "<absolute>"; };
		BE9F22542BC9F9C30059B307 /* GameState.cpp */ = {isa = PBXFileReference; fileEncoding = 4; lastKnownFileType = sourcecode.cpp.cpp; name = GameState.cpp; path = "/Users/kendevon/xcode cpp/CS 2308/PAs/17.10 PA#6 Tic Tac Toe/17.10 PA#6 Tic Tac Toe/GameState.cpp"; sourceTree = "<absolute>"; };
		BE9F22552BC9F9C30059B307 /* main.cpp */ = {isa = PBXFileReference; fileEncoding = 4; lastKnownFileType = sourcecode.cpp.cpp; name = main.cpp; path = "/Users/kendevon/xcode cpp/CS 2308/PAs/17.10 PA#6 Tic Tac Toe/17.10 PA#6 Tic Tac Toe/main.cpp"; sourceTree = "<absolute>"; };
		BE9F22562BC9F9C30059B307 /* MoveStack.cpp */ = {isa = PBXFileReference; fileEncoding = 4; lastKnownFileType = sourcecode.cpp.cpp; name = MoveStack.cpp; path = "/Users/kendevon/xcode cpp/CS 2308/PAs/17.10 PA#6 Tic Tac Toe/17.10 PA#6 Tic Tac Toe/MoveStack.cpp"; sourceTree = "<absolute>"; };
/* End PBXFileReference section */

/* Begin PBXFrameworksBuildPhase section */
		BE0411912BCDCBFD008157A7 /* Frameworks */ = {
			isa = PBXFrameworksBuildPhase;
			buildActionMask = 2147483647;
			files = (
			);
			runOnlyForDeploymentPostprocessing = 0;
		};
		BE9F22442BC9F92B0059B307 /* Frameworks */ = {
			isa = PBXFrameworksBuildPhase;
			buildActionMask = 2147483647;
			files = (
			);
			runOnlyForDeploymentPostprocessing = 0;
		};
/* End PBXFrameworksBuildPhase section */

/* Begin PBXGroup section */
		BE0411952BCDCBFD008157A7 /* Test GameState */ = {
			isa = PBXGroup;
			children = (
				BE4451A12BCA092D004CC089 /* testdriverGameState.cpp */,
			);
			path = "Test GameState";
			sourceTree = "<group>";
		};
		BE9F223E2BC9F92B0059B307 = {
			isa = PBXGroup;
			children = (
				BE9F22572BC9F9C30059B307 /* 17.10 PA#6 Tic Tac Toe */,
				BE0411952BCDCBFD008157A7 /* Test GameState */,
				BE9F22482BC9F92B0059B307 /* Products */,
			);
			sourceTree = "<group>";
		};
		BE9F22482BC9F92B0059B307 /* Products */ = {
			isa = PBXGroup;
			children = (
				BE9F22472BC9F92B0059B307 /* 17.10PA#6 Tic Tac Toe */,
				BE0411942BCDCBFD008157A7 /* Test GameState.xctest */,
			);
			name = Products;
			sourceTree = "<group>";
		};
		BE9F22532BC9F9C30059B307 /* 17.10 PA6 Tic Tac Toe */ = {
			isa = PBXGroup;
			children = (
				BE9F22512BC9F9C30059B307 /* GameState.h */,
				BE9F22522BC9F9C30059B307 /* MoveStack.h */,
			);
			name = "17.10 PA6 Tic Tac Toe";
			path = "/Users/kendevon/xcode cpp/CS 2308/PAs/17.10 PA#6 Tic Tac Toe/17.10 PA#6 Tic Tac Toe";
			sourceTree = "<absolute>";
		};
		BE9F22572BC9F9C30059B307 /* 17.10 PA#6 Tic Tac Toe */ = {
			isa = PBXGroup;
			children = (
				BE9F22532BC9F9C30059B307 /* 17.10 PA6 Tic Tac Toe */,
				BE9F22552BC9F9C30059B307 /* main.cpp */,
				BE9F22542BC9F9C30059B307 /* GameState.cpp */,
				BE9F22562BC9F9C30059B307 /* MoveStack.cpp */,
			);
			name = "17.10 PA#6 Tic Tac Toe";
			path = "/Users/kendevon/xcode cpp/CS 2308/PAs/17.10 PA#6 Tic Tac Toe/17.10PA#6 Tic Tac Toe/../17.10 PA#6 Tic Tac Toe";
			sourceTree = "<absolute>";
		};
/* End PBXGroup section */

/* Begin PBXNativeTarget section */
		BE0411932BCDCBFD008157A7 /* Test GameState */ = {
			isa = PBXNativeTarget;
			buildConfigurationList = BE0411982BCDCBFD008157A7 /* Build configuration list for PBXNativeTarget "Test GameState" */;
			buildPhases = (
				BE0411902BCDCBFD008157A7 /* Sources */,
				BE0411912BCDCBFD008157A7 /* Frameworks */,
				BE0411922BCDCBFD008157A7 /* Resources */,
			);
			buildRules = (
			);
			dependencies = (
			);
			name = "Test GameState";
			productName = "Test GameState";
			productReference = BE0411942BCDCBFD008157A7 /* Test GameState.xctest */;
			productType = "com.apple.product-type.bundle.unit-test";
		};
		BE9F22462BC9F92B0059B307 /* 17.10PA#6 Tic Tac Toe */ = {
			isa = PBXNativeTarget;
			buildConfigurationList = BE9F224E2BC9F92B0059B307 /* Build configuration list for PBXNativeTarget "17.10PA#6 Tic Tac Toe" */;
			buildPhases = (
				BE9F22432BC9F92B0059B307 /* Sources */,
				BE9F22442BC9F92B0059B307 /* Frameworks */,
				BE9F22452BC9F92B0059B307 /* CopyFiles */,
			);
			buildRules = (
			);
			dependencies = (
			);
			name = "17.10PA#6 Tic Tac Toe";
			productName = "17.10PA#6 Tic Tac Toe";
			productReference = BE9F22472BC9F92B0059B307 /* 17.10PA#6 Tic Tac Toe */;
			productType = "com.apple.product-type.tool";
		};
/* End PBXNativeTarget section */

/* Begin PBXProject section */
		BE9F223F2BC9F92B0059B307 /* Project object */ = {
			isa = PBXProject;
			attributes = {
				BuildIndependentTargetsInParallel = 1;
				LastUpgradeCheck = 1530;
				TargetAttributes = {
					BE0411932BCDCBFD008157A7 = {
						CreatedOnToolsVersion = 15.3;
					};
					BE9F22462BC9F92B0059B307 = {
						CreatedOnToolsVersion = 15.3;
					};
				};
			};
			buildConfigurationList = BE9F22422BC9F92B0059B307 /* Build configuration list for PBXProject "17.10PA#6 Tic Tac Toe" */;
			compatibilityVersion = "Xcode 14.0";
			developmentRegion = en;
			hasScannedForEncodings = 0;
			knownRegions = (
				en,
				Base,
			);
			mainGroup = BE9F223E2BC9F92B0059B307;
			productRefGroup = BE9F22482BC9F92B0059B307 /* Products */;
			projectDirPath = "";
			projectRoot = "";
			targets = (
				BE9F22462BC9F92B0059B307 /* 17.10PA#6 Tic Tac Toe */,
				BE0411932BCDCBFD008157A7 /* Test GameState */,
			);
		};
/* End PBXProject section */

/* Begin PBXResourcesBuildPhase section */
		BE0411922BCDCBFD008157A7 /* Resources */ = {
			isa = PBXResourcesBuildPhase;
			buildActionMask = 2147483647;
			files = (
			);
			runOnlyForDeploymentPostprocessing = 0;
		};
/* End PBXResourcesBuildPhase section */

/* Begin PBXSourcesBuildPhase section */
		BE0411902BCDCBFD008157A7 /* Sources */ = {
			isa = PBXSourcesBuildPhase;
			buildActionMask = 2147483647;
			files = (
				BE04119B2BCDCC02008157A7 /* testdriverGameState.cpp in Sources */,
			);
			runOnlyForDeploymentPostprocessing = 0;
		};
		BE9F22432BC9F92B0059B307 /* Sources */ = {
			isa = PBXSourcesBuildPhase;
			buildActionMask = 2147483647;
			files = (
				BE9F225B2BC9FC490059B307 /* GameState.h in Sources */,
				BE9F225C2BC9FC490059B307 /* MoveStack.h in Sources */,
				BE9F225A2BC9F9C30059B307 /* MoveStack.cpp in Sources */,
				BE9F22592BC9F9C30059B307 /* main.cpp in Sources */,
				BE9F22582BC9F9C30059B307 /* GameState.cpp in Sources */,
			);
			runOnlyForDeploymentPostprocessing = 0;
		};
/* End PBXSourcesBuildPhase section */

/* Begin XCBuildConfiguration section */
		BE0411992BCDCBFD008157A7 /* Debug */ = {
			isa = XCBuildConfiguration;
			buildSettings = {
				CODE_SIGN_STYLE = Automatic;
				CURRENT_PROJECT_VERSION = 1;
				GCC_NO_COMMON_BLOCKS = NO;
				GENERATE_INFOPLIST_FILE = YES;
				MARKETING_VERSION = 1.0;
				PRODUCT_BUNDLE_IDENTIFIER = "cpp.Test-GameState";
				PRODUCT_NAME = "$(TARGET_NAME)";
				SWIFT_EMIT_LOC_STRINGS = NO;
			};
			name = Debug;
		};
		BE04119A2BCDCBFD008157A7 /* Release */ = {
			isa = XCBuildConfiguration;
			buildSettings = {
				CODE_SIGN_STYLE = Automatic;
				CURRENT_PROJECT_VERSION = 1;
				GCC_NO_COMMON_BLOCKS = NO;
				GENERATE_INFOPLIST_FILE = YES;
				MARKETING_VERSION = 1.0;
				PRODUCT_BUNDLE_IDENTIFIER = "cpp.Test-GameState";
				PRODUCT_NAME = "$(TARGET_NAME)";
				SWIFT_EMIT_LOC_STRINGS = NO;
			};
			name = Release;
		};
		BE9F224C2BC9F92B0059B307 /* Debug */ = {
			isa = XCBuildConfiguration;
			buildSettings = {
				ALWAYS_SEARCH_USER_PATHS = NO;
				ASSETCATALOG_COMPILER_GENERATE_SWIFT_ASSET_SYMBOL_EXTENSIONS = YES;
				CLANG_ANALYZER_NONNULL = YES;
				CLANG_ANALYZER_NUMBER_OBJECT_CONVERSION = YES_AGGRESSIVE;
				CLANG_CXX_LANGUAGE_STANDARD = "gnu++20";
				CLANG_ENABLE_MODULES = YES;
				CLANG_ENABLE_OBJC_ARC = YES;
				CLANG_ENABLE_OBJC_WEAK = YES;
				CLANG_WARN_BLOCK_CAPTURE_AUTORELEASING = YES;
				CLANG_WARN_BOOL_CONVERSION = YES;
				CLANG_WARN_COMMA = YES;
				CLANG_WARN_CONSTANT_CONVERSION = YES;
				CLANG_WARN_DEPRECATED_OBJC_IMPLEMENTATIONS = YES;
				CLANG_WARN_DIRECT_OBJC_ISA_USAGE = YES_ERROR;
				CLANG_WARN_DOCUMENTATION_COMMENTS = YES;
				CLANG_WARN_EMPTY_BODY = YES;
				CLANG_WARN_ENUM_CONVERSION = YES;
				CLANG_WARN_INFINITE_RECURSION = YES;
				CLANG_WARN_INT_CONVERSION = YES;
				CLANG_WARN_NON_LITERAL_NULL_CONVERSION = YES;
				CLANG_WARN_OBJC_IMPLICIT_RETAIN_SELF = YES;
				CLANG_WARN_OBJC_LITERAL_CONVERSION = YES;
				CLANG_WARN_OBJC_ROOT_CLASS = YES_ERROR;
				CLANG_WARN_QUOTED_INCLUDE_IN_FRAMEWORK_HEADER = YES;
				CLANG_WARN_RANGE_LOOP_ANALYSIS = YES;
				CLANG_WARN_STRICT_PROTOTYPES = YES;
				CLANG_WARN_SUSPICIOUS_MOVE = YES;
				CLANG_WARN_UNGUARDED_AVAILABILITY = YES_AGGRESSIVE;
				CLANG_WARN_UNREACHABLE_CODE = YES;
				CLANG_WARN__DUPLICATE_METHOD_MATCH = YES;
				COPY_PHASE_STRIP = NO;
				DEBUG_INFORMATION_FORMAT = dwarf;
				ENABLE_STRICT_OBJC_MSGSEND = YES;
				ENABLE_TESTABILITY = YES;
				ENABLE_USER_SCRIPT_SANDBOXING = YES;
				GCC_C_LANGUAGE_STANDARD = gnu17;
				GCC_DYNAMIC_NO_PIC = NO;
				GCC_NO_COMMON_BLOCKS = NO;
				GCC_OPTIMIZATION_LEVEL = 0;
				GCC_PREPROCESSOR_DEFINITIONS = (
					"DEBUG=1",
					"$(inherited)",
				);
				GCC_WARN_64_TO_32_BIT_CONVERSION = YES;
				GCC_WARN_ABOUT_RETURN_TYPE = YES_ERROR;
				GCC_WARN_UNDECLARED_SELECTOR = YES;
				GCC_WARN_UNINITIALIZED_AUTOS = YES_AGGRESSIVE;
				GCC_WARN_UNUSED_FUNCTION = YES;
				GCC_WARN_UNUSED_VARIABLE = YES;
				LOCALIZATION_PREFERS_STRING_CATALOGS = YES;
				MACOSX_DEPLOYMENT_TARGET = 14.2;
				MTL_ENABLE_DEBUG_INFO = INCLUDE_SOURCE;
				MTL_FAST_MATH = YES;
				ONLY_ACTIVE_ARCH = YES;
				SDKROOT = macosx;
			};
			name = Debug;
		};
		BE9F224D2BC9F92B0059B307 /* Release */ = {
			isa = XCBuildConfiguration;
			buildSettings = {
				ALWAYS_SEARCH_USER_PATHS = NO;
				ASSETCATALOG_COMPILER_GENERATE_SWIFT_ASSET_SYMBOL_EXTENSIONS = YES;
				CLANG_ANALYZER_NONNULL = YES;
				CLANG_ANALYZER_NUMBER_OBJECT_CONVERSION = YES_AGGRESSIVE;
				CLANG_CXX_LANGUAGE_STANDARD = "gnu++20";
				CLANG_ENABLE_MODULES = YES;
				CLANG_ENABLE_OBJC_ARC = YES;
				CLANG_ENABLE_OBJC_WEAK = YES;
				CLANG_WARN_BLOCK_CAPTURE_AUTORELEASING = YES;
				CLANG_WARN_BOOL_CONVERSION = YES;
				CLANG_WARN_COMMA = YES;
				CLANG_WARN_CONSTANT_CONVERSION = YES;
				CLANG_WARN_DEPRECATED_OBJC_IMPLEMENTATIONS = YES;
				CLANG_WARN_DIRECT_OBJC_ISA_USAGE = YES_ERROR;
				CLANG_WARN_DOCUMENTATION_COMMENTS = YES;
				CLANG_WARN_EMPTY_BODY = YES;
				CLANG_WARN_ENUM_CONVERSION = YES;
				CLANG_WARN_INFINITE_RECURSION = YES;
				CLANG_WARN_INT_CONVERSION = YES;
				CLANG_WARN_NON_LITERAL_NULL_CONVERSION = YES;
				CLANG_WARN_OBJC_IMPLICIT_RETAIN_SELF = YES;
				CLANG_WARN_OBJC_LITERAL_CONVERSION = YES;
				CLANG_WARN_OBJC_ROOT_CLASS = YES_ERROR;
				CLANG_WARN_QUOTED_INCLUDE_IN_FRAMEWORK_HEADER = YES;
				CLANG_WARN_RANGE_LOOP_ANALYSIS = YES;
				CLANG_WARN_STRICT_PROTOTYPES = YES;
				CLANG_WARN_SUSPICIOUS_MOVE = YES;
				CLANG_WARN_UNGUARDED_AVAILABILITY = YES_AGGRESSIVE;
				CLANG_WARN_UNREACHABLE_CODE = YES;
				CLANG_WARN__DUPLICATE_METHOD_MATCH = YES;
				COPY_PHASE_STRIP = NO;
				DEBUG_INFORMATION_FORMAT = "dwarf-with-dsym";
				ENABLE_NS_ASSERTIONS = NO;
				ENABLE_STRICT_OBJC_MSGSEND = YES;
				ENABLE_USER_SCRIPT_SANDBOXING = YES;
				GCC_C_LANGUAGE_STANDARD = gnu17;
				GCC_NO_COMMON_BLOCKS = NO;
				GCC_WARN_64_TO_32_BIT_CONVERSION = YES;
				GCC_WARN_ABOUT_RETURN_TYPE = YES_ERROR;
				GCC_WARN_UNDECLARED_SELECTOR = YES;
				GCC_WARN_UNINITIALIZED_AUTOS = YES_AGGRESSIVE;
				GCC_WARN_UNUSED_FUNCTION = YES;
				GCC_WARN_UNUSED_VARIABLE = YES;
				LOCALIZATION_PREFERS_STRING_CATALOGS = YES;
				MACOSX_DEPLOYMENT_TARGET = 14.2;
				MTL_ENABLE_DEBUG_INFO = NO;
				MTL_FAST_MATH = YES;
				SDKROOT = macosx;
			};
			name = Release;
		};
		BE9F224F2BC9F92B0059B307 /* Debug */ = {
			isa = XCBuildConfiguration;
			buildSettings = {
				CODE_SIGN_STYLE = Automatic;
				PRODUCT_NAME = "$(TARGET_NAME)";
			};
			name = Debug;
		};
		BE9F22502BC9F92B0059B307 /* Release */ = {
			isa = XCBuildConfiguration;
			buildSettings = {
				CODE_SIGN_STYLE = Automatic;
				PRODUCT_NAME = "$(TARGET_NAME)";
			};
			name = Release;
		};
/* End XCBuildConfiguration section */

/* Begin XCConfigurationList section */
		BE0411982BCDCBFD008157A7 /* Build configuration list for PBXNativeTarget "Test GameState" */ = {
			isa = XCConfigurationList;
			buildConfigurations = (
				BE0411992BCDCBFD008157A7 /* Debug */,
				BE04119A2BCDCBFD008157A7 /* Release */,
			);
			defaultConfigurationIsVisible = 0;
			defaultConfigurationName = Release;
		};
		BE9F22422BC9F92B0059B307 /* Build configuration list for PBXProject "17.10PA#6 Tic Tac Toe" */ = {
			isa = XCConfigurationList;
			buildConfigurations = (
				BE9F224C2BC9F92B0059B307 /* Debug */,
				BE9F224D2BC9F92B0059B307 /* Release */,
			);
			defaultConfigurationIsVisible = 0;
			defaultConfigurationName = Release;
		};
		BE9F224E2BC9F92B0059B307 /* Build configuration list for PBXNativeTarget "17.10PA#6 Tic Tac Toe" */ = {
			isa = XCConfigurationList;
			buildConfigurations = (
				BE9F224F2BC9F92B0059B307 /* Debug */,
				BE9F22502BC9F92B0059B307 /* Release */,
			);
			defaultConfigurationIsVisible = 0;
			defaultConfigurationName = Release;
		};
/* End XCConfigurationList section */
	};
	rootObject = BE9F223F2BC9F92B0059B307 /* Project object */;
}
